
Microsoft Visual Studio Solution File, Format Version 12.00
# Visual Studio 15
VisualStudioVersion = 15.0.28307.168
MinimumVisualStudioVersion = 14.0.23107.0
Project("{9A19103F-16F7-4668-BE54-9A1E7A4F7556}") = "Xenko.ClientServerSample.Windows", "Xenko.ClientServerSample.Windows\Xenko.ClientServerSample.Windows.csproj", "{4212B7B9-65D7-4245-82A7-8BF1C3509D14}"
EndProject
Project("{9A19103F-16F7-4668-BE54-9A1E7A4F7556}") = "Xenko.ClientServerSample", "Xenko.ClientServerSample\Xenko.ClientServerSample.csproj", "{C38A8FBA-B7EF-4091-9EB8-474E908F3E9E}"
EndProject
Project("{FAE04EC0-301F-11D3-BF4B-00C04F79EFBC}") = "Xenko.ClientServerSample.Server", "Xenko.ClientServerSample.Server\Xenko.ClientServerSample.Server.csproj", "{6A22FF31-253D-48C9-9072-4DA76ECFC355}"
EndProject
Global
	GlobalSection(SolutionConfigurationPlatforms) = preSolution
		Debug|Any CPU = Debug|Any CPU
		Release|Any CPU = Release|Any CPU
	EndGlobalSection
	GlobalSection(ProjectConfigurationPlatforms) = postSolution
		{4212B7B9-65D7-4245-82A7-8BF1C3509D14}.Debug|Any CPU.ActiveCfg = Debug|Any CPU
		{4212B7B9-65D7-4245-82A7-8BF1C3509D14}.Debug|Any CPU.Build.0 = Debug|Any CPU
		{4212B7B9-65D7-4245-82A7-8BF1C3509D14}.Release|Any CPU.ActiveCfg = Release|Any CPU
		{4212B7B9-65D7-4245-82A7-8BF1C3509D14}.Release|Any CPU.Build.0 = Release|Any CPU
		{C38A8FBA-B7EF-4091-9EB8-474E908F3E9E}.Debug|Any CPU.ActiveCfg = Debug|Any CPU
		{C38A8FBA-B7EF-4091-9EB8-474E908F3E9E}.Debug|Any CPU.Build.0 = Debug|Any CPU
		{C38A8FBA-B7EF-4091-9EB8-474E908F3E9E}.Release|Any CPU.ActiveCfg = Release|Any CPU
		{C38A8FBA-B7EF-4091-9EB8-474E908F3E9E}.Release|Any CPU.Build.0 = Release|Any CPU
		{6A22FF31-253D-48C9-9072-4DA76ECFC355}.Debug|Any CPU.ActiveCfg = Debug|Any CPU
		{6A22FF31-253D-48C9-9072-4DA76ECFC355}.Debug|Any CPU.Build.0 = Debug|Any CPU
		{6A22FF31-253D-48C9-9072-4DA76ECFC355}.Release|Any CPU.ActiveCfg = Release|Any CPU
		{6A22FF31-253D-48C9-9072-4DA76ECFC355}.Release|Any CPU.Build.0 = Release|Any CPU
	EndGlobalSection
	GlobalSection(SolutionProperties) = preSolution
		HideSolutionNode = FALSE
	EndGlobalSection
	GlobalSection(ExtensibilityGlobals) = postSolution
		SolutionGuid = {37203760-FD9C-4C1D-9DDD-99CC5C288EBE}
	EndGlobalSection
EndGlobal
